
Microsoft Visual Studio Solution File, Format Version 12.00
# Visual Studio Version 17
VisualStudioVersion = 17.5.33516.290
MinimumVisualStudioVersion = 10.0.40219.1
Project("{FAE04EC0-301F-11D3-BF4B-00C04F79EFBC}") = "Linq_tasks", "Linq_tasks\Linq_tasks.csproj", "{796C811C-2521-4BAB-93C2-0654325A69AD}"
EndProject
Global
	GlobalSection(SolutionConfigurationPlatforms) = preSolution
		Debug|Any CPU = Debug|Any CPU
		Release|Any CPU = Release|Any CPU
	EndGlobalSection
	GlobalSection(ProjectConfigurationPlatforms) = postSolution
		{796C811C-2521-4BAB-93C2-0654325A69AD}.Debug|Any CPU.ActiveCfg = Debug|Any CPU
		{796C811C-2521-4BAB-93C2-0654325A69AD}.Debug|Any CPU.Build.0 = Debug|Any CPU
		{796C811C-2521-4BAB-93C2-0654325A69AD}.Release|Any CPU.ActiveCfg = Release|Any CPU
		{796C811C-2521-4BAB-93C2-0654325A69AD}.Release|Any CPU.Build.0 = Release|Any CPU
	EndGlobalSection
	GlobalSection(SolutionProperties) = preSolution
		HideSolutionNode = FALSE
	EndGlobalSection
	GlobalSection(ExtensibilityGlobals) = postSolution
		SolutionGuid = {11058F95-CC6B-42A2-A5A1-DB9F4A044912}
	EndGlobalSection
EndGlobal
